
Microsoft Visual Studio Solution File, Format Version 12.00
# Visual Studio 2013
VisualStudioVersion = 12.0.30110.0
MinimumVisualStudioVersion = 10.0.40219.1
Project("{FAE04EC0-301F-11D3-BF4B-00C04F79EFBC}") = "DRC", "DRC\DRC.csproj", "{1954CF8D-F38F-4A67-A79F-97E1DFF4626E}"
EndProject
Project("{FAE04EC0-301F-11D3-BF4B-00C04F79EFBC}") = "DRC.Test", "DRC.Test\DRC.Test.csproj", "{11A164F3-71CB-4F03-8D1D-4CA434944427}"
EndProject
Project("{FAE04EC0-301F-11D3-BF4B-00C04F79EFBC}") = "DRC.Demo.flickr", "DRC.Demo.flickr\DRC.Demo.flickr.csproj", "{62A8034D-F953-435A-A6CB-B2B0F5F586A3}"
EndProject
Project("{2150E333-8FDC-42A3-9474-1A3956D46DE8}") = ".nuget", ".nuget", "{E338CF7A-ECA1-4D31-8436-BE4DFA78DCF6}"
	ProjectSection(SolutionItems) = preProject
		.nuget\NuGet.Config = .nuget\NuGet.Config
		.nuget\NuGet.exe = .nuget\NuGet.exe
		.nuget\NuGet.targets = .nuget\NuGet.targets
	EndProjectSection
EndProject
Project("{FAE04EC0-301F-11D3-BF4B-00C04F79EFBC}") = "DRC.ProtocolBuffers", "DRC.ProtocolBuffers\DRC.ProtocolBuffers.csproj", "{9D228596-862B-41D9-BDA0-86FFBA2352E3}"
EndProject
Project("{FAE04EC0-301F-11D3-BF4B-00C04F79EFBC}") = "DRC.ProtocolBuffers.Tests", "DRC.ProtocolBuffers.Tests\DRC.ProtocolBuffers.Tests.csproj", "{B8137CC8-388A-466C-A70C-AC9B7BEAECF2}"
EndProject
Project("{2150E333-8FDC-42A3-9474-1A3956D46DE8}") = "Solution Items", "Solution Items", "{B5DC9843-E859-44B7-85AF-BA6F7868E851}"
	ProjectSection(SolutionItems) = preProject
		..\appveyor.yml = ..\appveyor.yml
		..\README.markdown = ..\README.markdown
	EndProjectSection
EndProject
Global
	GlobalSection(SolutionConfigurationPlatforms) = preSolution
		Debug|Any CPU = Debug|Any CPU
		Debug|Mixed Platforms = Debug|Mixed Platforms
		Debug|x86 = Debug|x86
		Release|Any CPU = Release|Any CPU
		Release|Mixed Platforms = Release|Mixed Platforms
		Release|x86 = Release|x86
	EndGlobalSection
	GlobalSection(ProjectConfigurationPlatforms) = postSolution
		{1954CF8D-F38F-4A67-A79F-97E1DFF4626E}.Debug|Any CPU.ActiveCfg = Debug|Any CPU
		{1954CF8D-F38F-4A67-A79F-97E1DFF4626E}.Debug|Any CPU.Build.0 = Debug|Any CPU
		{1954CF8D-F38F-4A67-A79F-97E1DFF4626E}.Debug|Mixed Platforms.ActiveCfg = Debug|Any CPU
		{1954CF8D-F38F-4A67-A79F-97E1DFF4626E}.Debug|Mixed Platforms.Build.0 = Debug|Any CPU
		{1954CF8D-F38F-4A67-A79F-97E1DFF4626E}.Debug|x86.ActiveCfg = Debug|Any CPU
		{1954CF8D-F38F-4A67-A79F-97E1DFF4626E}.Release|Any CPU.ActiveCfg = Release|Any CPU
		{1954CF8D-F38F-4A67-A79F-97E1DFF4626E}.Release|Any CPU.Build.0 = Release|Any CPU
		{1954CF8D-F38F-4A67-A79F-97E1DFF4626E}.Release|Mixed Platforms.ActiveCfg = Release|Any CPU
		{1954CF8D-F38F-4A67-A79F-97E1DFF4626E}.Release|Mixed Platforms.Build.0 = Release|Any CPU
		{1954CF8D-F38F-4A67-A79F-97E1DFF4626E}.Release|x86.ActiveCfg = Release|Any CPU
		{11A164F3-71CB-4F03-8D1D-4CA434944427}.Debug|Any CPU.ActiveCfg = Debug|Any CPU
		{11A164F3-71CB-4F03-8D1D-4CA434944427}.Debug|Any CPU.Build.0 = Debug|Any CPU
		{11A164F3-71CB-4F03-8D1D-4CA434944427}.Debug|Mixed Platforms.ActiveCfg = Debug|Any CPU
		{11A164F3-71CB-4F03-8D1D-4CA434944427}.Debug|Mixed Platforms.Build.0 = Debug|Any CPU
		{11A164F3-71CB-4F03-8D1D-4CA434944427}.Debug|x86.ActiveCfg = Debug|Any CPU
		{11A164F3-71CB-4F03-8D1D-4CA434944427}.Release|Any CPU.ActiveCfg = Release|Any CPU
		{11A164F3-71CB-4F03-8D1D-4CA434944427}.Release|Any CPU.Build.0 = Release|Any CPU
		{11A164F3-71CB-4F03-8D1D-4CA434944427}.Release|Mixed Platforms.ActiveCfg = Release|Any CPU
		{11A164F3-71CB-4F03-8D1D-4CA434944427}.Release|Mixed Platforms.Build.0 = Release|Any CPU
		{11A164F3-71CB-4F03-8D1D-4CA434944427}.Release|x86.ActiveCfg = Release|Any CPU
		{62A8034D-F953-435A-A6CB-B2B0F5F586A3}.Debug|Any CPU.ActiveCfg = Debug|Any CPU
		{62A8034D-F953-435A-A6CB-B2B0F5F586A3}.Debug|Any CPU.Build.0 = Debug|Any CPU
		{62A8034D-F953-435A-A6CB-B2B0F5F586A3}.Debug|Mixed Platforms.ActiveCfg = Debug|Any CPU
		{62A8034D-F953-435A-A6CB-B2B0F5F586A3}.Debug|Mixed Platforms.Build.0 = Debug|Any CPU
		{62A8034D-F953-435A-A6CB-B2B0F5F586A3}.Debug|x86.ActiveCfg = Debug|Any CPU
		{62A8034D-F953-435A-A6CB-B2B0F5F586A3}.Release|Any CPU.ActiveCfg = Release|Any CPU
		{62A8034D-F953-435A-A6CB-B2B0F5F586A3}.Release|Any CPU.Build.0 = Release|Any CPU
		{62A8034D-F953-435A-A6CB-B2B0F5F586A3}.Release|Mixed Platforms.ActiveCfg = Release|Any CPU
		{62A8034D-F953-435A-A6CB-B2B0F5F586A3}.Release|Mixed Platforms.Build.0 = Release|Any CPU
		{62A8034D-F953-435A-A6CB-B2B0F5F586A3}.Release|x86.ActiveCfg = Release|Any CPU
		{9D228596-862B-41D9-BDA0-86FFBA2352E3}.Debug|Any CPU.ActiveCfg = Debug|Any CPU
		{9D228596-862B-41D9-BDA0-86FFBA2352E3}.Debug|Any CPU.Build.0 = Debug|Any CPU
		{9D228596-862B-41D9-BDA0-86FFBA2352E3}.Debug|Mixed Platforms.ActiveCfg = Debug|Any CPU
		{9D228596-862B-41D9-BDA0-86FFBA2352E3}.Debug|Mixed Platforms.Build.0 = Debug|Any CPU
		{9D228596-862B-41D9-BDA0-86FFBA2352E3}.Debug|x86.ActiveCfg = Debug|Any CPU
		{9D228596-862B-41D9-BDA0-86FFBA2352E3}.Release|Any CPU.ActiveCfg = Release|Any CPU
		{9D228596-862B-41D9-BDA0-86FFBA2352E3}.Release|Any CPU.Build.0 = Release|Any CPU
		{9D228596-862B-41D9-BDA0-86FFBA2352E3}.Release|Mixed Platforms.ActiveCfg = Release|Any CPU
		{9D228596-862B-41D9-BDA0-86FFBA2352E3}.Release|Mixed Platforms.Build.0 = Release|Any CPU
		{9D228596-862B-41D9-BDA0-86FFBA2352E3}.Release|x86.ActiveCfg = Release|Any CPU
		{B8137CC8-388A-466C-A70C-AC9B7BEAECF2}.Debug|Any CPU.ActiveCfg = Debug|Any CPU
		{B8137CC8-388A-466C-A70C-AC9B7BEAECF2}.Debug|Any CPU.Build.0 = Debug|Any CPU
		{B8137CC8-388A-466C-A70C-AC9B7BEAECF2}.Debug|Mixed Platforms.ActiveCfg = Debug|Any CPU
		{B8137CC8-388A-466C-A70C-AC9B7BEAECF2}.Debug|Mixed Platforms.Build.0 = Debug|Any CPU
		{B8137CC8-388A-466C-A70C-AC9B7BEAECF2}.Debug|x86.ActiveCfg = Debug|Any CPU
		{B8137CC8-388A-466C-A70C-AC9B7BEAECF2}.Release|Any CPU.ActiveCfg = Release|Any CPU
		{B8137CC8-388A-466C-A70C-AC9B7BEAECF2}.Release|Any CPU.Build.0 = Release|Any CPU
		{B8137CC8-388A-466C-A70C-AC9B7BEAECF2}.Release|Mixed Platforms.ActiveCfg = Release|Any CPU
		{B8137CC8-388A-466C-A70C-AC9B7BEAECF2}.Release|Mixed Platforms.Build.0 = Release|Any CPU
		{B8137CC8-388A-466C-A70C-AC9B7BEAECF2}.Release|x86.ActiveCfg = Release|Any CPU
	EndGlobalSection
	GlobalSection(SolutionProperties) = preSolution
		HideSolutionNode = FALSE
	EndGlobalSection
EndGlobal
